// !$*UTF8*$!
{
	archiveVersion = 1;
	classes = {
	};
	objectVersion = 56;
	objects = {

/* Begin PBXBuildFile section */
		A21EBC5C29C9A54600EC1210 /* CustomTextField.swift in Sources */ = {isa = PBXBuildFile; fileRef = A21EBC5B29C9A54600EC1210 /* CustomTextField.swift */; };
		A21EBC5E29C9B4B700EC1210 /* CustomButton.swift in Sources */ = {isa = PBXBuildFile; fileRef = A21EBC5D29C9B4B700EC1210 /* CustomButton.swift */; };
		A21EBC6029C9CC7B00EC1210 /* RegisterViewController.swift in Sources */ = {isa = PBXBuildFile; fileRef = A21EBC5F29C9CC7B00EC1210 /* RegisterViewController.swift */; };
		A21EBC6229C9CCF100EC1210 /* WebViewController.swift in Sources */ = {isa = PBXBuildFile; fileRef = A21EBC6129C9CCF100EC1210 /* WebViewController.swift */; };
		A21EBC6529C9DBA500EC1210 /* ForgetPasswordViewController.swift in Sources */ = {isa = PBXBuildFile; fileRef = A21EBC6429C9DBA500EC1210 /* ForgetPasswordViewController.swift */; };
		A21EBC6729C9DC2B00EC1210 /* ViewControllerLogin.swift in Sources */ = {isa = PBXBuildFile; fileRef = A21EBC6629C9DC2B00EC1210 /* ViewControllerLogin.swift */; };
		A21EBC6C29CAC3EE00EC1210 /* CustomTableViewCell2.swift in Sources */ = {isa = PBXBuildFile; fileRef = A21EBC6B29CAC3EE00EC1210 /* CustomTableViewCell2.swift */; };
		A21EBC7229CC19CA00EC1210 /* ExerciseViewCell.swift in Sources */ = {isa = PBXBuildFile; fileRef = A21EBC7129CC19CA00EC1210 /* ExerciseViewCell.swift */; };
		A21EBC7429CC1F4600EC1210 /* Video.swift in Sources */ = {isa = PBXBuildFile; fileRef = A21EBC7329CC1F4600EC1210 /* Video.swift */; };
		A21EBC7629CC202A00EC1210 /* Imagess.swift in Sources */ = {isa = PBXBuildFile; fileRef = A21EBC7529CC202A00EC1210 /* Imagess.swift */; };
		A2396E2029C08BCF009206D3 /* DashboardNavBar.swift in Sources */ = {isa = PBXBuildFile; fileRef = A2396E1F29C08BCF009206D3 /* DashboardNavBar.swift */; };
		A2396E2329C08C15009206D3 /* BaseView.swift in Sources */ = {isa = PBXBuildFile; fileRef = A2396E2229C08C15009206D3 /* BaseView.swift */; };
		A2396E2629C08D63009206D3 /* SectionHeaderView.swift in Sources */ = {isa = PBXBuildFile; fileRef = A2396E2529C08D63009206D3 /* SectionHeaderView.swift */; };
		A240C27D29BC3E6600E5DDAC /* AppDelegate.swift in Sources */ = {isa = PBXBuildFile; fileRef = A240C27C29BC3E6600E5DDAC /* AppDelegate.swift */; };
		A240C27F29BC3E6600E5DDAC /* SceneDelegate.swift in Sources */ = {isa = PBXBuildFile; fileRef = A240C27E29BC3E6600E5DDAC /* SceneDelegate.swift */; };
		A240C28129BC3E6600E5DDAC /* ViewController.swift in Sources */ = {isa = PBXBuildFile; fileRef = A240C28029BC3E6600E5DDAC /* ViewController.swift */; };
		A240C29429BC3E6700E5DDAC /* TestingDashboardTests.swift in Sources */ = {isa = PBXBuildFile; fileRef = A240C29329BC3E6700E5DDAC /* TestingDashboardTests.swift */; };
		A240C29E29BC3E6700E5DDAC /* TestingDashboardUITests.swift in Sources */ = {isa = PBXBuildFile; fileRef = A240C29D29BC3E6700E5DDAC /* TestingDashboardUITests.swift */; };
		A240C2A029BC3E6700E5DDAC /* TestingDashboardUITestsLaunchTests.swift in Sources */ = {isa = PBXBuildFile; fileRef = A240C29F29BC3E6700E5DDAC /* TestingDashboardUITestsLaunchTests.swift */; };
		A240C2B529BC44F200E5DDAC /* Resources.swift in Sources */ = {isa = PBXBuildFile; fileRef = A240C2B429BC44F200E5DDAC /* Resources.swift */; };
		A240C2B729BC655100E5DDAC /* HomeViewController.swift in Sources */ = {isa = PBXBuildFile; fileRef = A240C2B629BC655100E5DDAC /* HomeViewController.swift */; };
		A244E44629D058EA00AEBE96 /* ProgressElement.swift in Sources */ = {isa = PBXBuildFile; fileRef = A244E44529D058EA00AEBE96 /* ProgressElement.swift */; };
		A2537A9629BF5515000DED14 /* UIColor.swift in Sources */ = {isa = PBXBuildFile; fileRef = A2537A9529BF5515000DED14 /* UIColor.swift */; };
		A2537A9829BF5575000DED14 /* UIView.swift in Sources */ = {isa = PBXBuildFile; fileRef = A2537A9729BF5575000DED14 /* UIView.swift */; };
		A2537A9A29BF55A3000DED14 /* Date.swift in Sources */ = {isa = PBXBuildFile; fileRef = A2537A9929BF55A3000DED14 /* Date.swift */; };
		A2537A9D29BF56BA000DED14 /* LoginViewController.swift in Sources */ = {isa = PBXBuildFile; fileRef = A2537A9C29BF56BA000DED14 /* LoginViewController.swift */; };
		A2537AA529BF5929000DED14 /* ProgressViewController.swift in Sources */ = {isa = PBXBuildFile; fileRef = A2537AA429BF5929000DED14 /* ProgressViewController.swift */; };
		A2537AA929BF5964000DED14 /* SessionViewController.swift in Sources */ = {isa = PBXBuildFile; fileRef = A2537AA829BF5964000DED14 /* SessionViewController.swift */; };
		A2537AAB29BF597B000DED14 /* DashboardViewController.swift in Sources */ = {isa = PBXBuildFile; fileRef = A2537AAA29BF597B000DED14 /* DashboardViewController.swift */; };
		A2537AAD29BF5AA3000DED14 /* TabBarController.swift in Sources */ = {isa = PBXBuildFile; fileRef = A2537AAC29BF5AA3000DED14 /* TabBarController.swift */; };
		A2537AAF29BF5AEA000DED14 /* NavBarController.swift in Sources */ = {isa = PBXBuildFile; fileRef = A2537AAE29BF5AEA000DED14 /* NavBarController.swift */; };
		A2537AB429BF5CB0000DED14 /* APIAuth.swift in Sources */ = {isa = PBXBuildFile; fileRef = A2537AB329BF5CB0000DED14 /* APIAuth.swift */; };
		A2537AB929BF5CEA000DED14 /* FirebaseAuth.swift in Sources */ = {isa = PBXBuildFile; fileRef = A2537AB829BF5CEA000DED14 /* FirebaseAuth.swift */; };
		A2537ABF29BF5E36000DED14 /* BaseController.swift in Sources */ = {isa = PBXBuildFile; fileRef = A2537ABE29BF5E36000DED14 /* BaseController.swift */; };
		A26640E229D5415500563379 /* CollectionTableViewCell.swift in Sources */ = {isa = PBXBuildFile; fileRef = A26640E129D5415500563379 /* CollectionTableViewCell.swift */; };
		A26640E429D548A000563379 /* TitleCollectionViewCell.swift in Sources */ = {isa = PBXBuildFile; fileRef = A26640E329D548A000563379 /* TitleCollectionViewCell.swift */; };
		A274D6C929C327E800ED848D /* StatsItemView.swift in Sources */ = {isa = PBXBuildFile; fileRef = A274D6C829C327E800ED848D /* StatsItemView.swift */; };
		A274D6CB29C32FFD00ED848D /* StatsView.swift in Sources */ = {isa = PBXBuildFile; fileRef = A274D6CA29C32FFD00ED848D /* StatsView.swift */; };
		A274D6D729C34FB100ED848D /* Assets.xcassets in Resources */ = {isa = PBXBuildFile; fileRef = A240C28529BC3E6700E5DDAC /* Assets.xcassets */; };
		A274D6D829C3505300ED848D /* LaunchScreen.storyboard in Resources */ = {isa = PBXBuildFile; fileRef = A240C28729BC3E6700E5DDAC /* LaunchScreen.storyboard */; };
		A274D6D929C3552900ED848D /* SettingsViewController.swift in Sources */ = {isa = PBXBuildFile; fileRef = A2537A9F29BF57C0000DED14 /* SettingsViewController.swift */; };
		A282E0A829D41D490036B9C2 /* StatssElement.swift in Sources */ = {isa = PBXBuildFile; fileRef = A282E0A729D41D490036B9C2 /* StatssElement.swift */; };
		A28BF1DE29C177F8001B8264 /* BaseButton.swift in Sources */ = {isa = PBXBuildFile; fileRef = A28BF1DD29C177F8001B8264 /* BaseButton.swift */; };
		A28BF1E829C191DF001B8264 /* WeekView.swift in Sources */ = {isa = PBXBuildFile; fileRef = A28BF1E729C191DF001B8264 /* WeekView.swift */; };
		A28BF1EA29C1924E001B8264 /* WeekDayView.swift in Sources */ = {isa = PBXBuildFile; fileRef = A28BF1E929C1924E001B8264 /* WeekDayView.swift */; };
		A28BF1EE29C1ACAE001B8264 /* BaseInfoView.swift in Sources */ = {isa = PBXBuildFile; fileRef = A28BF1ED29C1ACAE001B8264 /* BaseInfoView.swift */; };
		A28BF1F029C1AF04001B8264 /* TimerView.swift in Sources */ = {isa = PBXBuildFile; fileRef = A28BF1EF29C1AF04001B8264 /* TimerView.swift */; };
		A28BF1F229C1AF81001B8264 /* ProgressView.swift in Sources */ = {isa = PBXBuildFile; fileRef = A28BF1F129C1AF81001B8264 /* ProgressView.swift */; };
		A28BF1F429C1AF8E001B8264 /* PercentView.swift in Sources */ = {isa = PBXBuildFile; fileRef = A28BF1F329C1AF8E001B8264 /* PercentView.swift */; };
		A28BF1F829C1B2F1001B8264 /* DailyPerformanceView.swift in Sources */ = {isa = PBXBuildFile; fileRef = A28BF1F729C1B2F1001B8264 /* DailyPerformanceView.swift */; };
		A28BF1FE29C1B4E7001B8264 /* BaseBarView.swift in Sources */ = {isa = PBXBuildFile; fileRef = A28BF1FD29C1B4E7001B8264 /* BaseBarView.swift */; };
		A28BF20029C1DC58001B8264 /* BaseBarsView.swift in Sources */ = {isa = PBXBuildFile; fileRef = A28BF1FF29C1DC58001B8264 /* BaseBarsView.swift */; };
		A28BF20229C1E97D001B8264 /* MonthlyPerformanceView.swift in Sources */ = {isa = PBXBuildFile; fileRef = A28BF20129C1E97D001B8264 /* MonthlyPerformanceView.swift */; };
		A28BF20429C1EA48001B8264 /* BaseChartsView.swift in Sources */ = {isa = PBXBuildFile; fileRef = A28BF20329C1EA48001B8264 /* BaseChartsView.swift */; };
		A28BF20729C1EA76001B8264 /* XAxisView.swift in Sources */ = {isa = PBXBuildFile; fileRef = A28BF20629C1EA76001B8264 /* XAxisView.swift */; };
		A28BF20A29C1F355001B8264 /* NutritionElement.swift in Sources */ = {isa = PBXBuildFile; fileRef = A28BF20929C1F355001B8264 /* NutritionElement.swift */; };
		A28BF20C29C1F3ED001B8264 /* MeditationElement.swift in Sources */ = {isa = PBXBuildFile; fileRef = A28BF20B29C1F3ED001B8264 /* MeditationElement.swift */; };
		A28BF20E29C1F461001B8264 /* NetworkingElement.swift in Sources */ = {isa = PBXBuildFile; fileRef = A28BF20D29C1F461001B8264 /* NetworkingElement.swift */; };
		A28BF21029C1F50E001B8264 /* ExerciseElement.swift in Sources */ = {isa = PBXBuildFile; fileRef = A28BF20F29C1F50E001B8264 /* ExerciseElement.swift */; };
		A28BF21229C1F6C7001B8264 /* UserElement.swift in Sources */ = {isa = PBXBuildFile; fileRef = A28BF21129C1F6C7001B8264 /* UserElement.swift */; };
		A28BF21429C1F706001B8264 /* TimerElement.swift in Sources */ = {isa = PBXBuildFile; fileRef = A28BF21329C1F706001B8264 /* TimerElement.swift */; };
		A2C1836A29C86EBC00990A02 /* Progress2View.swift in Sources */ = {isa = PBXBuildFile; fileRef = A2C1836929C86EBC00990A02 /* Progress2View.swift */; };
		A2C1836F29C88C9900990A02 /* SDWebImage in Frameworks */ = {isa = PBXBuildFile; productRef = A2C1836E29C88C9900990A02 /* SDWebImage */; };
		A2C1837129C88CD400990A02 /* SDWebImageMapKit in Frameworks */ = {isa = PBXBuildFile; productRef = A2C1837029C88CD400990A02 /* SDWebImageMapKit */; };
		A2F34E7629C9970400BBA9BA /* AuthHeaderView.swift in Sources */ = {isa = PBXBuildFile; fileRef = A2F34E7529C9970400BBA9BA /* AuthHeaderView.swift */; };
/* End PBXBuildFile section */

/* Begin PBXContainerItemProxy section */
		A240C29029BC3E6700E5DDAC /* PBXContainerItemProxy */ = {
			isa = PBXContainerItemProxy;
			containerPortal = A240C27129BC3E6600E5DDAC /* Project object */;
			proxyType = 1;
			remoteGlobalIDString = A240C27829BC3E6600E5DDAC;
			remoteInfo = TestingDashboard;
		};
		A240C29A29BC3E6700E5DDAC /* PBXContainerItemProxy */ = {
			isa = PBXContainerItemProxy;
			containerPortal = A240C27129BC3E6600E5DDAC /* Project object */;
			proxyType = 1;
			remoteGlobalIDString = A240C27829BC3E6600E5DDAC;
			remoteInfo = TestingDashboard;
		};
/* End PBXContainerItemProxy section */

/* Begin PBXFileReference section */
		A21EBC5B29C9A54600EC1210 /* CustomTextField.swift */ = {isa = PBXFileReference; lastKnownFileType = sourcecode.swift; path = CustomTextField.swift; sourceTree = "<group>"; };
		A21EBC5D29C9B4B700EC1210 /* CustomButton.swift */ = {isa = PBXFileReference; lastKnownFileType = sourcecode.swift; path = CustomButton.swift; sourceTree = "<group>"; };
		A21EBC5F29C9CC7B00EC1210 /* RegisterViewController.swift */ = {isa = PBXFileReference; lastKnownFileType = sourcecode.swift; path = RegisterViewController.swift; sourceTree = "<group>"; };
		A21EBC6129C9CCF100EC1210 /* WebViewController.swift */ = {isa = PBXFileReference; lastKnownFileType = sourcecode.swift; path = WebViewController.swift; sourceTree = "<group>"; };
		A21EBC6429C9DBA500EC1210 /* ForgetPasswordViewController.swift */ = {isa = PBXFileReference; lastKnownFileType = sourcecode.swift; path = ForgetPasswordViewController.swift; sourceTree = "<group>"; };
		A21EBC6629C9DC2B00EC1210 /* ViewControllerLogin.swift */ = {isa = PBXFileReference; lastKnownFileType = sourcecode.swift; path = ViewControllerLogin.swift; sourceTree = "<group>"; };
		A21EBC6B29CAC3EE00EC1210 /* CustomTableViewCell2.swift */ = {isa = PBXFileReference; lastKnownFileType = sourcecode.swift; path = CustomTableViewCell2.swift; sourceTree = "<group>"; };
		A21EBC7129CC19CA00EC1210 /* ExerciseViewCell.swift */ = {isa = PBXFileReference; lastKnownFileType = sourcecode.swift; path = ExerciseViewCell.swift; sourceTree = "<group>"; };
		A21EBC7329CC1F4600EC1210 /* Video.swift */ = {isa = PBXFileReference; lastKnownFileType = sourcecode.swift; path = Video.swift; sourceTree = "<group>"; };
		A21EBC7529CC202A00EC1210 /* Imagess.swift */ = {isa = PBXFileReference; lastKnownFileType = sourcecode.swift; path = Imagess.swift; sourceTree = "<group>"; };
		A2396E1F29C08BCF009206D3 /* DashboardNavBar.swift */ = {isa = PBXFileReference; lastKnownFileType = sourcecode.swift; path = DashboardNavBar.swift; sourceTree = "<group>"; };
		A2396E2229C08C15009206D3 /* BaseView.swift */ = {isa = PBXFileReference; lastKnownFileType = sourcecode.swift; path = BaseView.swift; sourceTree = "<group>"; };
		A2396E2529C08D63009206D3 /* SectionHeaderView.swift */ = {isa = PBXFileReference; lastKnownFileType = sourcecode.swift; path = SectionHeaderView.swift; sourceTree = "<group>"; };
		A240C27929BC3E6600E5DDAC /* TestingDashboard.app */ = {isa = PBXFileReference; explicitFileType = wrapper.application; includeInIndex = 0; path = TestingDashboard.app; sourceTree = BUILT_PRODUCTS_DIR; };
		A240C27C29BC3E6600E5DDAC /* AppDelegate.swift */ = {isa = PBXFileReference; lastKnownFileType = sourcecode.swift; path = AppDelegate.swift; sourceTree = "<group>"; };
		A240C27E29BC3E6600E5DDAC /* SceneDelegate.swift */ = {isa = PBXFileReference; lastKnownFileType = sourcecode.swift; path = SceneDelegate.swift; sourceTree = "<group>"; };
		A240C28029BC3E6600E5DDAC /* ViewController.swift */ = {isa = PBXFileReference; lastKnownFileType = sourcecode.swift; path = ViewController.swift; sourceTree = "<group>"; };
		A240C28529BC3E6700E5DDAC /* Assets.xcassets */ = {isa = PBXFileReference; lastKnownFileType = folder.assetcatalog; path = Assets.xcassets; sourceTree = "<group>"; };
		A240C28829BC3E6700E5DDAC /* Base */ = {isa = PBXFileReference; lastKnownFileType = file.storyboard; name = Base; path = Base.lproj/LaunchScreen.storyboard; sourceTree = "<group>"; };
		A240C28A29BC3E6700E5DDAC /* Info.plist */ = {isa = PBXFileReference; lastKnownFileType = text.plist.xml; path = Info.plist; sourceTree = "<group>"; };
		A240C28F29BC3E6700E5DDAC /* TestingDashboardTests.xctest */ = {isa = PBXFileReference; explicitFileType = wrapper.cfbundle; includeInIndex = 0; path = TestingDashboardTests.xctest; sourceTree = BUILT_PRODUCTS_DIR; };
		A240C29329BC3E6700E5DDAC /* TestingDashboardTests.swift */ = {isa = PBXFileReference; lastKnownFileType = sourcecode.swift; path = TestingDashboardTests.swift; sourceTree = "<group>"; };
		A240C29929BC3E6700E5DDAC /* TestingDashboardUITests.xctest */ = {isa = PBXFileReference; explicitFileType = wrapper.cfbundle; includeInIndex = 0; path = TestingDashboardUITests.xctest; sourceTree = BUILT_PRODUCTS_DIR; };
		A240C29D29BC3E6700E5DDAC /* TestingDashboardUITests.swift */ = {isa = PBXFileReference; lastKnownFileType = sourcecode.swift; path = TestingDashboardUITests.swift; sourceTree = "<group>"; };
		A240C29F29BC3E6700E5DDAC /* TestingDashboardUITestsLaunchTests.swift */ = {isa = PBXFileReference; lastKnownFileType = sourcecode.swift; path = TestingDashboardUITestsLaunchTests.swift; sourceTree = "<group>"; };
		A240C2B429BC44F200E5DDAC /* Resources.swift */ = {isa = PBXFileReference; lastKnownFileType = sourcecode.swift; path = Resources.swift; sourceTree = "<group>"; };
		A240C2B629BC655100E5DDAC /* HomeViewController.swift */ = {isa = PBXFileReference; lastKnownFileType = sourcecode.swift; path = HomeViewController.swift; sourceTree = "<group>"; };
		A244E44529D058EA00AEBE96 /* ProgressElement.swift */ = {isa = PBXFileReference; lastKnownFileType = sourcecode.swift; path = ProgressElement.swift; sourceTree = "<group>"; };
		A2537A9529BF5515000DED14 /* UIColor.swift */ = {isa = PBXFileReference; lastKnownFileType = sourcecode.swift; path = UIColor.swift; sourceTree = "<group>"; };
		A2537A9729BF5575000DED14 /* UIView.swift */ = {isa = PBXFileReference; lastKnownFileType = sourcecode.swift; path = UIView.swift; sourceTree = "<group>"; };
		A2537A9929BF55A3000DED14 /* Date.swift */ = {isa = PBXFileReference; lastKnownFileType = sourcecode.swift; path = Date.swift; sourceTree = "<group>"; };
		A2537A9C29BF56BA000DED14 /* LoginViewController.swift */ = {isa = PBXFileReference; lastKnownFileType = sourcecode.swift; path = LoginViewController.swift; sourceTree = "<group>"; };
		A2537A9F29BF57C0000DED14 /* SettingsViewController.swift */ = {isa = PBXFileReference; lastKnownFileType = sourcecode.swift; path = SettingsViewController.swift; sourceTree = "<group>"; };
		A2537AA429BF5929000DED14 /* ProgressViewController.swift */ = {isa = PBXFileReference; lastKnownFileType = sourcecode.swift; path = ProgressViewController.swift; sourceTree = "<group>"; };
		A2537AA829BF5964000DED14 /* SessionViewController.swift */ = {isa = PBXFileReference; lastKnownFileType = sourcecode.swift; path = SessionViewController.swift; sourceTree = "<group>"; };
		A2537AAA29BF597B000DED14 /* DashboardViewController.swift */ = {isa = PBXFileReference; lastKnownFileType = sourcecode.swift; path = DashboardViewController.swift; sourceTree = "<group>"; };
		A2537AAC29BF5AA3000DED14 /* TabBarController.swift */ = {isa = PBXFileReference; lastKnownFileType = sourcecode.swift; path = TabBarController.swift; sourceTree = "<group>"; };
		A2537AAE29BF5AEA000DED14 /* NavBarController.swift */ = {isa = PBXFileReference; lastKnownFileType = sourcecode.swift; path = NavBarController.swift; sourceTree = "<group>"; };
		A2537AB329BF5CB0000DED14 /* APIAuth.swift */ = {isa = PBXFileReference; lastKnownFileType = sourcecode.swift; path = APIAuth.swift; sourceTree = "<group>"; };
		A2537AB829BF5CEA000DED14 /* FirebaseAuth.swift */ = {isa = PBXFileReference; lastKnownFileType = sourcecode.swift; path = FirebaseAuth.swift; sourceTree = "<group>"; };
		A2537ABE29BF5E36000DED14 /* BaseController.swift */ = {isa = PBXFileReference; lastKnownFileType = sourcecode.swift; path = BaseController.swift; sourceTree = "<group>"; };
		A26640E129D5415500563379 /* CollectionTableViewCell.swift */ = {isa = PBXFileReference; lastKnownFileType = sourcecode.swift; path = CollectionTableViewCell.swift; sourceTree = "<group>"; };
		A26640E329D548A000563379 /* TitleCollectionViewCell.swift */ = {isa = PBXFileReference; lastKnownFileType = sourcecode.swift; path = TitleCollectionViewCell.swift; sourceTree = "<group>"; };
		A274D6C829C327E800ED848D /* StatsItemView.swift */ = {isa = PBXFileReference; lastKnownFileType = sourcecode.swift; path = StatsItemView.swift; sourceTree = "<group>"; };
		A274D6CA29C32FFD00ED848D /* StatsView.swift */ = {isa = PBXFileReference; lastKnownFileType = sourcecode.swift; path = StatsView.swift; sourceTree = "<group>"; };
		A282E0A729D41D490036B9C2 /* StatssElement.swift */ = {isa = PBXFileReference; lastKnownFileType = sourcecode.swift; path = StatssElement.swift; sourceTree = "<group>"; };
		A28BF1DD29C177F8001B8264 /* BaseButton.swift */ = {isa = PBXFileReference; lastKnownFileType = sourcecode.swift; path = BaseButton.swift; sourceTree = "<group>"; };
		A28BF1E729C191DF001B8264 /* WeekView.swift */ = {isa = PBXFileReference; lastKnownFileType = sourcecode.swift; path = WeekView.swift; sourceTree = "<group>"; };
		A28BF1E929C1924E001B8264 /* WeekDayView.swift */ = {isa = PBXFileReference; lastKnownFileType = sourcecode.swift; path = WeekDayView.swift; sourceTree = "<group>"; };
		A28BF1ED29C1ACAE001B8264 /* BaseInfoView.swift */ = {isa = PBXFileReference; lastKnownFileType = sourcecode.swift; path = BaseInfoView.swift; sourceTree = "<group>"; };
		A28BF1EF29C1AF04001B8264 /* TimerView.swift */ = {isa = PBXFileReference; lastKnownFileType = sourcecode.swift; path = TimerView.swift; sourceTree = "<group>"; };
		A28BF1F129C1AF81001B8264 /* ProgressView.swift */ = {isa = PBXFileReference; lastKnownFileType = sourcecode.swift; path = ProgressView.swift; sourceTree = "<group>"; };
		A28BF1F329C1AF8E001B8264 /* PercentView.swift */ = {isa = PBXFileReference; lastKnownFileType = sourcecode.swift; path = PercentView.swift; sourceTree = "<group>"; };
		A28BF1F729C1B2F1001B8264 /* DailyPerformanceView.swift */ = {isa = PBXFileReference; lastKnownFileType = sourcecode.swift; path = DailyPerformanceView.swift; sourceTree = "<group>"; };
		A28BF1FD29C1B4E7001B8264 /* BaseBarView.swift */ = {isa = PBXFileReference; lastKnownFileType = sourcecode.swift; path = BaseBarView.swift; sourceTree = "<group>"; };
		A28BF1FF29C1DC58001B8264 /* BaseBarsView.swift */ = {isa = PBXFileReference; lastKnownFileType = sourcecode.swift; path = BaseBarsView.swift; sourceTree = "<group>"; };
		A28BF20129C1E97D001B8264 /* MonthlyPerformanceView.swift */ = {isa = PBXFileReference; lastKnownFileType = sourcecode.swift; path = MonthlyPerformanceView.swift; sourceTree = "<group>"; };
		A28BF20329C1EA48001B8264 /* BaseChartsView.swift */ = {isa = PBXFileReference; lastKnownFileType = sourcecode.swift; path = BaseChartsView.swift; sourceTree = "<group>"; };
		A28BF20629C1EA76001B8264 /* XAxisView.swift */ = {isa = PBXFileReference; lastKnownFileType = sourcecode.swift; path = XAxisView.swift; sourceTree = "<group>"; };
		A28BF20929C1F355001B8264 /* NutritionElement.swift */ = {isa = PBXFileReference; lastKnownFileType = sourcecode.swift; path = NutritionElement.swift; sourceTree = "<group>"; };
		A28BF20B29C1F3ED001B8264 /* MeditationElement.swift */ = {isa = PBXFileReference; lastKnownFileType = sourcecode.swift; path = MeditationElement.swift; sourceTree = "<group>"; };
		A28BF20D29C1F461001B8264 /* NetworkingElement.swift */ = {isa = PBXFileReference; lastKnownFileType = sourcecode.swift; path = NetworkingElement.swift; sourceTree = "<group>"; };
		A28BF20F29C1F50E001B8264 /* ExerciseElement.swift */ = {isa = PBXFileReference; lastKnownFileType = sourcecode.swift; path = ExerciseElement.swift; sourceTree = "<group>"; };
		A28BF21129C1F6C7001B8264 /* UserElement.swift */ = {isa = PBXFileReference; lastKnownFileType = sourcecode.swift; path = UserElement.swift; sourceTree = "<group>"; };
		A28BF21329C1F706001B8264 /* TimerElement.swift */ = {isa = PBXFileReference; lastKnownFileType = sourcecode.swift; path = TimerElement.swift; sourceTree = "<group>"; };
		A2C1836929C86EBC00990A02 /* Progress2View.swift */ = {isa = PBXFileReference; lastKnownFileType = sourcecode.swift; path = Progress2View.swift; sourceTree = "<group>"; };
		A2F34E7529C9970400BBA9BA /* AuthHeaderView.swift */ = {isa = PBXFileReference; lastKnownFileType = sourcecode.swift; path = AuthHeaderView.swift; sourceTree = "<group>"; };
/* End PBXFileReference section */

/* Begin PBXFrameworksBuildPhase section */
		A240C27629BC3E6600E5DDAC /* Frameworks */ = {
			isa = PBXFrameworksBuildPhase;
			buildActionMask = 2147483647;
			files = (
				A2C1837129C88CD400990A02 /* SDWebImageMapKit in Frameworks */,
				A2C1836F29C88C9900990A02 /* SDWebImage in Frameworks */,
			);
			runOnlyForDeploymentPostprocessing = 0;
		};
		A240C28C29BC3E6700E5DDAC /* Frameworks */ = {
			isa = PBXFrameworksBuildPhase;
			buildActionMask = 2147483647;
			files = (
			);
			runOnlyForDeploymentPostprocessing = 0;
		};
		A240C29629BC3E6700E5DDAC /* Frameworks */ = {
			isa = PBXFrameworksBuildPhase;
			buildActionMask = 2147483647;
			files = (
			);
			runOnlyForDeploymentPostprocessing = 0;
		};
/* End PBXFrameworksBuildPhase section */

/* Begin PBXGroup section */
		A21EBC6329C9CF4200EC1210 /* Controllers */ = {
			isa = PBXGroup;
			children = (
				A2537A9C29BF56BA000DED14 /* LoginViewController.swift */,
				A21EBC6129C9CCF100EC1210 /* WebViewController.swift */,
				A21EBC5F29C9CC7B00EC1210 /* RegisterViewController.swift */,
				A21EBC6429C9DBA500EC1210 /* ForgetPasswordViewController.swift */,
				A21EBC6629C9DC2B00EC1210 /* ViewControllerLogin.swift */,
			);
			path = Controllers;
			sourceTree = "<group>";
		};
		A21EBC6A29CAB3C800EC1210 /* Onboarding */ = {
			isa = PBXGroup;
			children = (
			);
			path = Onboarding;
			sourceTree = "<group>";
		};
		A21EBC7029CC19A500EC1210 /* Views */ = {
			isa = PBXGroup;
			children = (
				A21EBC7129CC19CA00EC1210 /* ExerciseViewCell.swift */,
			);
			path = Views;
			sourceTree = "<group>";
		};
		A2396E1829C02CB5009206D3 /* Element */ = {
			isa = PBXGroup;
			children = (
				A28BF20929C1F355001B8264 /* NutritionElement.swift */,
				A28BF20B29C1F3ED001B8264 /* MeditationElement.swift */,
				A28BF20D29C1F461001B8264 /* NetworkingElement.swift */,
				A28BF20F29C1F50E001B8264 /* ExerciseElement.swift */,
				A28BF21129C1F6C7001B8264 /* UserElement.swift */,
				A28BF21329C1F706001B8264 /* TimerElement.swift */,
				A21EBC7329CC1F4600EC1210 /* Video.swift */,
				A21EBC7529CC202A00EC1210 /* Imagess.swift */,
				A244E44529D058EA00AEBE96 /* ProgressElement.swift */,
				A282E0A729D41D490036B9C2 /* StatssElement.swift */,
			);
			path = Element;
			sourceTree = "<group>";
		};
		A2396E1E29C08B92009206D3 /* Views */ = {
			isa = PBXGroup;
			children = (
				A21EBC6B29CAC3EE00EC1210 /* CustomTableViewCell2.swift */,
				A28BF1E629C191CB001B8264 /* WeekView */,
				A2396E2429C08D25009206D3 /* CollectionViews */,
				A2396E1F29C08BCF009206D3 /* DashboardNavBar.swift */,
			);
			path = Views;
			sourceTree = "<group>";
		};
		A2396E2129C08C01009206D3 /* Views */ = {
			isa = PBXGroup;
			children = (
				A2396E2229C08C15009206D3 /* BaseView.swift */,
			);
			path = Views;
			sourceTree = "<group>";
		};
		A2396E2429C08D25009206D3 /* CollectionViews */ = {
			isa = PBXGroup;
			children = (
				A21EBC7029CC19A500EC1210 /* Views */,
				A2396E2529C08D63009206D3 /* SectionHeaderView.swift */,
			);
			path = CollectionViews;
			sourceTree = "<group>";
		};
		A240C27029BC3E6600E5DDAC = {
			isa = PBXGroup;
			children = (
				A240C27B29BC3E6600E5DDAC /* TestingDashboard */,
				A240C29229BC3E6700E5DDAC /* TestingDashboardTests */,
				A240C29C29BC3E6700E5DDAC /* TestingDashboardUITests */,
				A240C27A29BC3E6600E5DDAC /* Products */,
				A2C1836D29C88C9900990A02 /* Frameworks */,
			);
			sourceTree = "<group>";
		};
		A240C27A29BC3E6600E5DDAC /* Products */ = {
			isa = PBXGroup;
			children = (
				A240C27929BC3E6600E5DDAC /* TestingDashboard.app */,
				A240C28F29BC3E6700E5DDAC /* TestingDashboardTests.xctest */,
				A240C29929BC3E6700E5DDAC /* TestingDashboardUITests.xctest */,
			);
			name = Products;
			sourceTree = "<group>";
		};
		A240C27B29BC3E6600E5DDAC /* TestingDashboard */ = {
			isa = PBXGroup;
			children = (
				A240C2B329BC440E00E5DDAC /* Application */,
				A240C2B229BC440600E5DDAC /* Base */,
				A240C2B129BC43F000E5DDAC /* Navigation */,
				A240C2B029BC43E100E5DDAC /* Controllers */,
				A240C2AF29BC43D600E5DDAC /* Extensions */,
				A240C2AE29BC43CC00E5DDAC /* Resources */,
				A240C28029BC3E6600E5DDAC /* ViewController.swift */,
				A240C28A29BC3E6700E5DDAC /* Info.plist */,
			);
			path = TestingDashboard;
			sourceTree = "<group>";
		};
		A240C29229BC3E6700E5DDAC /* TestingDashboardTests */ = {
			isa = PBXGroup;
			children = (
				A240C29329BC3E6700E5DDAC /* TestingDashboardTests.swift */,
			);
			path = TestingDashboardTests;
			sourceTree = "<group>";
		};
		A240C29C29BC3E6700E5DDAC /* TestingDashboardUITests */ = {
			isa = PBXGroup;
			children = (
				A240C29D29BC3E6700E5DDAC /* TestingDashboardUITests.swift */,
				A240C29F29BC3E6700E5DDAC /* TestingDashboardUITestsLaunchTests.swift */,
			);
			path = TestingDashboardUITests;
			sourceTree = "<group>";
		};
		A240C2AE29BC43CC00E5DDAC /* Resources */ = {
			isa = PBXGroup;
			children = (
				A240C28529BC3E6700E5DDAC /* Assets.xcassets */,
				A240C2B429BC44F200E5DDAC /* Resources.swift */,
			);
			path = Resources;
			sourceTree = "<group>";
		};
		A240C2AF29BC43D600E5DDAC /* Extensions */ = {
			isa = PBXGroup;
			children = (
				A2537A9529BF5515000DED14 /* UIColor.swift */,
				A2537A9729BF5575000DED14 /* UIView.swift */,
				A2537A9929BF55A3000DED14 /* Date.swift */,
			);
			path = Extensions;
			sourceTree = "<group>";
		};
		A240C2B029BC43E100E5DDAC /* Controllers */ = {
			isa = PBXGroup;
			children = (
				A21EBC6A29CAB3C800EC1210 /* Onboarding */,
				A2537AA329BF5909000DED14 /* Dashboard */,
				A2537AA229BF58F9000DED14 /* Session */,
				A2537AA129BF58ED000DED14 /* Progress */,
				A2537A9E29BF56CC000DED14 /* Settings */,
				A2537A9B29BF5694000DED14 /* LoginView  */,
				A240C2B629BC655100E5DDAC /* HomeViewController.swift */,
			);
			path = Controllers;
			sourceTree = "<group>";
		};
		A240C2B129BC43F000E5DDAC /* Navigation */ = {
			isa = PBXGroup;
			children = (
				A2537AAC29BF5AA3000DED14 /* TabBarController.swift */,
				A2537AAE29BF5AEA000DED14 /* NavBarController.swift */,
			);
			path = Navigation;
			sourceTree = "<group>";
		};
		A240C2B229BC440600E5DDAC /* Base */ = {
			isa = PBXGroup;
			children = (
				A2537AB229BF5C8F000DED14 /* API */,
				A2537AB129BF5C65000DED14 /* Applications */,
				A2537AB029BF5C19000DED14 /* Views */,
			);
			path = Base;
			sourceTree = "<group>";
		};
		A240C2B329BC440E00E5DDAC /* Application */ = {
			isa = PBXGroup;
			children = (
				A240C27C29BC3E6600E5DDAC /* AppDelegate.swift */,
				A240C27E29BC3E6600E5DDAC /* SceneDelegate.swift */,
				A240C28729BC3E6700E5DDAC /* LaunchScreen.storyboard */,
			);
			path = Application;
			sourceTree = "<group>";
		};
		A2537A9B29BF5694000DED14 /* LoginView  */ = {
			isa = PBXGroup;
			children = (
				A21EBC6329C9CF4200EC1210 /* Controllers */,
				A2F34E7429C996E600BBA9BA /* Views */,
			);
			path = "LoginView ";
			sourceTree = "<group>";
		};
		A2537A9E29BF56CC000DED14 /* Settings */ = {
			isa = PBXGroup;
			children = (
				A26640E029D5412400563379 /* Views */,
				A2537A9F29BF57C0000DED14 /* SettingsViewController.swift */,
			);
			path = Settings;
			sourceTree = "<group>";
		};
		A2537AA129BF58ED000DED14 /* Progress */ = {
			isa = PBXGroup;
			children = (
				A28BF1F629C1B22E001B8264 /* DailyPerformanceView */,
				A28BF1F529C1B211001B8264 /* MonthlyPerformanceView */,
				A2537AA429BF5929000DED14 /* ProgressViewController.swift */,
			);
			path = Progress;
			sourceTree = "<group>";
		};
		A2537AA229BF58F9000DED14 /* Session */ = {
			isa = PBXGroup;
			children = (
				A28BF1EB29C1AB2F001B8264 /* Views */,
				A2537AA829BF5964000DED14 /* SessionViewController.swift */,
			);
			path = Session;
			sourceTree = "<group>";
		};
		A2537AA329BF5909000DED14 /* Dashboard */ = {
			isa = PBXGroup;
			children = (
				A2396E1E29C08B92009206D3 /* Views */,
				A2537AAA29BF597B000DED14 /* DashboardViewController.swift */,
			);
			path = Dashboard;
			sourceTree = "<group>";
		};
		A2537AB029BF5C19000DED14 /* Views */ = {
			isa = PBXGroup;
			children = (
				A2537ABD29BF5DD2000DED14 /* BarsViews */,
				A2537ABC29BF5DC4000DED14 /* ChartsViews */,
				A2537ABB29BF5DBB000DED14 /* Base */,
			);
			path = Views;
			sourceTree = "<group>";
		};
		A2537AB129BF5C65000DED14 /* Applications */ = {
			isa = PBXGroup;
			children = (
				A2537AB729BF5CD3000DED14 /* Firebase */,
			);
			path = Applications;
			sourceTree = "<group>";
		};
		A2537AB229BF5C8F000DED14 /* API */ = {
			isa = PBXGroup;
			children = (
				A2396E1829C02CB5009206D3 /* Element */,
				A2537AB329BF5CB0000DED14 /* APIAuth.swift */,
			);
			path = API;
			sourceTree = "<group>";
		};
		A2537AB729BF5CD3000DED14 /* Firebase */ = {
			isa = PBXGroup;
			children = (
				A2537AB829BF5CEA000DED14 /* FirebaseAuth.swift */,
			);
			path = Firebase;
			sourceTree = "<group>";
		};
		A2537ABB29BF5DBB000DED14 /* Base */ = {
			isa = PBXGroup;
			children = (
				A2396E2129C08C01009206D3 /* Views */,
				A2537ABE29BF5E36000DED14 /* BaseController.swift */,
				A28BF1DD29C177F8001B8264 /* BaseButton.swift */,
				A28BF1ED29C1ACAE001B8264 /* BaseInfoView.swift */,
			);
			path = Base;
			sourceTree = "<group>";
		};
		A2537ABC29BF5DC4000DED14 /* ChartsViews */ = {
			isa = PBXGroup;
			children = (
				A28BF20529C1EA5E001B8264 /* Views */,
				A28BF20329C1EA48001B8264 /* BaseChartsView.swift */,
			);
			path = ChartsViews;
			sourceTree = "<group>";
		};
		A2537ABD29BF5DD2000DED14 /* BarsViews */ = {
			isa = PBXGroup;
			children = (
				A28BF1FD29C1B4E7001B8264 /* BaseBarView.swift */,
				A28BF1FF29C1DC58001B8264 /* BaseBarsView.swift */,
			);
			path = BarsViews;
			sourceTree = "<group>";
		};
		A26640E029D5412400563379 /* Views */ = {
			isa = PBXGroup;
			children = (
				A26640E129D5415500563379 /* CollectionTableViewCell.swift */,
				A26640E329D548A000563379 /* TitleCollectionViewCell.swift */,
			);
			path = Views;
			sourceTree = "<group>";
		};
		A274D6C729C327D400ED848D /* StatsView */ = {
			isa = PBXGroup;
			children = (
				A274D6C829C327E800ED848D /* StatsItemView.swift */,
				A274D6CA29C32FFD00ED848D /* StatsView.swift */,
			);
			path = StatsView;
			sourceTree = "<group>";
		};
		A28BF1E629C191CB001B8264 /* WeekView */ = {
			isa = PBXGroup;
			children = (
				A28BF1E729C191DF001B8264 /* WeekView.swift */,
				A28BF1E929C1924E001B8264 /* WeekDayView.swift */,
			);
			path = WeekView;
			sourceTree = "<group>";
		};
		A28BF1EB29C1AB2F001B8264 /* Views */ = {
			isa = PBXGroup;
			children = (
				A2C1836829C86E8600990A02 /* Progress2View */,
				A274D6C729C327D400ED848D /* StatsView */,
				A28BF1EC29C1AC42001B8264 /* TimerView */,
			);
			path = Views;
			sourceTree = "<group>";
		};
		A28BF1EC29C1AC42001B8264 /* TimerView */ = {
			isa = PBXGroup;
			children = (
				A28BF1EF29C1AF04001B8264 /* TimerView.swift */,
				A28BF1F129C1AF81001B8264 /* ProgressView.swift */,
				A28BF1F329C1AF8E001B8264 /* PercentView.swift */,
			);
			path = TimerView;
			sourceTree = "<group>";
		};
		A28BF1F529C1B211001B8264 /* MonthlyPerformanceView */ = {
			isa = PBXGroup;
			children = (
				A28BF20129C1E97D001B8264 /* MonthlyPerformanceView.swift */,
			);
			path = MonthlyPerformanceView;
			sourceTree = "<group>";
		};
		A28BF1F629C1B22E001B8264 /* DailyPerformanceView */ = {
			isa = PBXGroup;
			children = (
				A28BF1F729C1B2F1001B8264 /* DailyPerformanceView.swift */,
			);
			path = DailyPerformanceView;
			sourceTree = "<group>";
		};
		A28BF20529C1EA5E001B8264 /* Views */ = {
			isa = PBXGroup;
			children = (
				A28BF20629C1EA76001B8264 /* XAxisView.swift */,
			);
			path = Views;
			sourceTree = "<group>";
		};
		A2C1836829C86E8600990A02 /* Progress2View */ = {
			isa = PBXGroup;
			children = (
				A2C1836929C86EBC00990A02 /* Progress2View.swift */,
			);
			path = Progress2View;
			sourceTree = "<group>";
		};
		A2C1836D29C88C9900990A02 /* Frameworks */ = {
			isa = PBXGroup;
			children = (
			);
			name = Frameworks;
			sourceTree = "<group>";
		};
		A2F34E7429C996E600BBA9BA /* Views */ = {
			isa = PBXGroup;
			children = (
				A2F34E7529C9970400BBA9BA /* AuthHeaderView.swift */,
				A21EBC5B29C9A54600EC1210 /* CustomTextField.swift */,
				A21EBC5D29C9B4B700EC1210 /* CustomButton.swift */,
			);
			path = Views;
			sourceTree = "<group>";
		};
/* End PBXGroup section */

/* Begin PBXNativeTarget section */
		A240C27829BC3E6600E5DDAC /* TestingDashboard */ = {
			isa = PBXNativeTarget;
			buildConfigurationList = A240C2A329BC3E6700E5DDAC /* Build configuration list for PBXNativeTarget "TestingDashboard" */;
			buildPhases = (
				A240C27529BC3E6600E5DDAC /* Sources */,
				A240C27629BC3E6600E5DDAC /* Frameworks */,
				A240C27729BC3E6600E5DDAC /* Resources */,
			);
			buildRules = (
			);
			dependencies = (
			);
			name = TestingDashboard;
			packageProductDependencies = (
				A2C1836E29C88C9900990A02 /* SDWebImage */,
				A2C1837029C88CD400990A02 /* SDWebImageMapKit */,
			);
			productName = TestingDashboard;
			productReference = A240C27929BC3E6600E5DDAC /* TestingDashboard.app */;
			productType = "com.apple.product-type.application";
		};
		A240C28E29BC3E6700E5DDAC /* TestingDashboardTests */ = {
			isa = PBXNativeTarget;
			buildConfigurationList = A240C2A629BC3E6700E5DDAC /* Build configuration list for PBXNativeTarget "TestingDashboardTests" */;
			buildPhases = (
				A240C28B29BC3E6700E5DDAC /* Sources */,
				A240C28C29BC3E6700E5DDAC /* Frameworks */,
				A240C28D29BC3E6700E5DDAC /* Resources */,
			);
			buildRules = (
			);
			dependencies = (
				A240C29129BC3E6700E5DDAC /* PBXTargetDependency */,
			);
			name = TestingDashboardTests;
			productName = TestingDashboardTests;
			productReference = A240C28F29BC3E6700E5DDAC /* TestingDashboardTests.xctest */;
			productType = "com.apple.product-type.bundle.unit-test";
		};
		A240C29829BC3E6700E5DDAC /* TestingDashboardUITests */ = {
			isa = PBXNativeTarget;
			buildConfigurationList = A240C2A929BC3E6700E5DDAC /* Build configuration list for PBXNativeTarget "TestingDashboardUITests" */;
			buildPhases = (
				A240C29529BC3E6700E5DDAC /* Sources */,
				A240C29629BC3E6700E5DDAC /* Frameworks */,
				A240C29729BC3E6700E5DDAC /* Resources */,
			);
			buildRules = (
			);
			dependencies = (
				A240C29B29BC3E6700E5DDAC /* PBXTargetDependency */,
			);
			name = TestingDashboardUITests;
			productName = TestingDashboardUITests;
			productReference = A240C29929BC3E6700E5DDAC /* TestingDashboardUITests.xctest */;
			productType = "com.apple.product-type.bundle.ui-testing";
		};
/* End PBXNativeTarget section */

/* Begin PBXProject section */
		A240C27129BC3E6600E5DDAC /* Project object */ = {
			isa = PBXProject;
			attributes = {
				BuildIndependentTargetsInParallel = 1;
				LastSwiftUpdateCheck = 1420;
				LastUpgradeCheck = 1420;
				TargetAttributes = {
					A240C27829BC3E6600E5DDAC = {
						CreatedOnToolsVersion = 14.2;
					};
					A240C28E29BC3E6700E5DDAC = {
						CreatedOnToolsVersion = 14.2;
						TestTargetID = A240C27829BC3E6600E5DDAC;
					};
					A240C29829BC3E6700E5DDAC = {
						CreatedOnToolsVersion = 14.2;
						TestTargetID = A240C27829BC3E6600E5DDAC;
					};
				};
			};
			buildConfigurationList = A240C27429BC3E6600E5DDAC /* Build configuration list for PBXProject "TestingDashboard" */;
			compatibilityVersion = "Xcode 14.0";
			developmentRegion = en;
			hasScannedForEncodings = 0;
			knownRegions = (
				en,
				Base,
			);
			mainGroup = A240C27029BC3E6600E5DDAC;
			packageReferences = (
				A2E2889329BEC43D008921E4 /* XCRemoteSwiftPackageReference "supabase-swift" */,
				A274D6D229C3407500ED848D /* XCRemoteSwiftPackageReference "SDWebImage" */,
			);
			productRefGroup = A240C27A29BC3E6600E5DDAC /* Products */;
			projectDirPath = "";
			projectRoot = "";
			targets = (
				A240C27829BC3E6600E5DDAC /* TestingDashboard */,
				A240C28E29BC3E6700E5DDAC /* TestingDashboardTests */,
				A240C29829BC3E6700E5DDAC /* TestingDashboardUITests */,
			);
		};
/* End PBXProject section */

/* Begin PBXResourcesBuildPhase section */
		A240C27729BC3E6600E5DDAC /* Resources */ = {
			isa = PBXResourcesBuildPhase;
			buildActionMask = 2147483647;
			files = (
				A274D6D829C3505300ED848D /* LaunchScreen.storyboard in Resources */,
				A274D6D729C34FB100ED848D /* Assets.xcassets in Resources */,
			);
			runOnlyForDeploymentPostprocessing = 0;
		};
		A240C28D29BC3E6700E5DDAC /* Resources */ = {
			isa = PBXResourcesBuildPhase;
			buildActionMask = 2147483647;
			files = (
			);
			runOnlyForDeploymentPostprocessing = 0;
		};
		A240C29729BC3E6700E5DDAC /* Resources */ = {
			isa = PBXResourcesBuildPhase;
			buildActionMask = 2147483647;
			files = (
			);
			runOnlyForDeploymentPostprocessing = 0;
		};
/* End PBXResourcesBuildPhase section */

/* Begin PBXSourcesBuildPhase section */
		A240C27529BC3E6600E5DDAC /* Sources */ = {
			isa = PBXSourcesBuildPhase;
			buildActionMask = 2147483647;
			files = (
				A282E0A829D41D490036B9C2 /* StatssElement.swift in Sources */,
				A274D6D929C3552900ED848D /* SettingsViewController.swift in Sources */,
				A28BF1E829C191DF001B8264 /* WeekView.swift in Sources */,
				A26640E429D548A000563379 /* TitleCollectionViewCell.swift in Sources */,
				A28BF1F829C1B2F1001B8264 /* DailyPerformanceView.swift in Sources */,
				A240C2B729BC655100E5DDAC /* HomeViewController.swift in Sources */,
				A28BF1FE29C1B4E7001B8264 /* BaseBarView.swift in Sources */,
				A28BF20E29C1F461001B8264 /* NetworkingElement.swift in Sources */,
				A28BF1EA29C1924E001B8264 /* WeekDayView.swift in Sources */,
				A2537AAD29BF5AA3000DED14 /* TabBarController.swift in Sources */,
				A28BF20429C1EA48001B8264 /* BaseChartsView.swift in Sources */,
				A28BF21429C1F706001B8264 /* TimerElement.swift in Sources */,
				A2396E2029C08BCF009206D3 /* DashboardNavBar.swift in Sources */,
				A21EBC6229C9CCF100EC1210 /* WebViewController.swift in Sources */,
				A2537A9A29BF55A3000DED14 /* Date.swift in Sources */,
				A240C28129BC3E6600E5DDAC /* ViewController.swift in Sources */,
				A2537AB429BF5CB0000DED14 /* APIAuth.swift in Sources */,
				A2537AA529BF5929000DED14 /* ProgressViewController.swift in Sources */,
				A28BF20029C1DC58001B8264 /* BaseBarsView.swift in Sources */,
				A28BF1F029C1AF04001B8264 /* TimerView.swift in Sources */,
				A21EBC7629CC202A00EC1210 /* Imagess.swift in Sources */,
				A2537AA929BF5964000DED14 /* SessionViewController.swift in Sources */,
				A28BF20229C1E97D001B8264 /* MonthlyPerformanceView.swift in Sources */,
				A21EBC6C29CAC3EE00EC1210 /* CustomTableViewCell2.swift in Sources */,
				A28BF1DE29C177F8001B8264 /* BaseButton.swift in Sources */,
				A21EBC6529C9DBA500EC1210 /* ForgetPasswordViewController.swift in Sources */,
				A2C1836A29C86EBC00990A02 /* Progress2View.swift in Sources */,
				A21EBC7429CC1F4600EC1210 /* Video.swift in Sources */,
				A240C2B529BC44F200E5DDAC /* Resources.swift in Sources */,
				A244E44629D058EA00AEBE96 /* ProgressElement.swift in Sources */,
				A21EBC6029C9CC7B00EC1210 /* RegisterViewController.swift in Sources */,
				A28BF20C29C1F3ED001B8264 /* MeditationElement.swift in Sources */,
				A2537AB929BF5CEA000DED14 /* FirebaseAuth.swift in Sources */,
				A2396E2629C08D63009206D3 /* SectionHeaderView.swift in Sources */,
				A28BF1F429C1AF8E001B8264 /* PercentView.swift in Sources */,
				A2537AAF29BF5AEA000DED14 /* NavBarController.swift in Sources */,
				A2537ABF29BF5E36000DED14 /* BaseController.swift in Sources */,
				A274D6CB29C32FFD00ED848D /* StatsView.swift in Sources */,
				A2537AAB29BF597B000DED14 /* DashboardViewController.swift in Sources */,
				A28BF21029C1F50E001B8264 /* ExerciseElement.swift in Sources */,
				A240C27D29BC3E6600E5DDAC /* AppDelegate.swift in Sources */,
				A21EBC7229CC19CA00EC1210 /* ExerciseViewCell.swift in Sources */,
				A21EBC5C29C9A54600EC1210 /* CustomTextField.swift in Sources */,
				A2537A9629BF5515000DED14 /* UIColor.swift in Sources */,
				A2537A9829BF5575000DED14 /* UIView.swift in Sources */,
				A28BF1EE29C1ACAE001B8264 /* BaseInfoView.swift in Sources */,
				A240C27F29BC3E6600E5DDAC /* SceneDelegate.swift in Sources */,
				A2396E2329C08C15009206D3 /* BaseView.swift in Sources */,
				A21EBC6729C9DC2B00EC1210 /* ViewControllerLogin.swift in Sources */,
				A28BF20A29C1F355001B8264 /* NutritionElement.swift in Sources */,
				A274D6C929C327E800ED848D /* StatsItemView.swift in Sources */,
				A28BF1F229C1AF81001B8264 /* ProgressView.swift in Sources */,
				A2537A9D29BF56BA000DED14 /* LoginViewController.swift in Sources */,
				A21EBC5E29C9B4B700EC1210 /* CustomButton.swift in Sources */,
				A28BF20729C1EA76001B8264 /* XAxisView.swift in Sources */,
				A28BF21229C1F6C7001B8264 /* UserElement.swift in Sources */,
				A26640E229D5415500563379 /* CollectionTableViewCell.swift in Sources */,
				A2F34E7629C9970400BBA9BA /* AuthHeaderView.swift in Sources */,
			);
			runOnlyForDeploymentPostprocessing = 0;
		};
		A240C28B29BC3E6700E5DDAC /* Sources */ = {
			isa = PBXSourcesBuildPhase;
			buildActionMask = 2147483647;
			files = (
				A240C29429BC3E6700E5DDAC /* TestingDashboardTests.swift in Sources */,
			);
			runOnlyForDeploymentPostprocessing = 0;
		};
		A240C29529BC3E6700E5DDAC /* Sources */ = {
			isa = PBXSourcesBuildPhase;
			buildActionMask = 2147483647;
			files = (
				A240C2A029BC3E6700E5DDAC /* TestingDashboardUITestsLaunchTests.swift in Sources */,
				A240C29E29BC3E6700E5DDAC /* TestingDashboardUITests.swift in Sources */,
			);
			runOnlyForDeploymentPostprocessing = 0;
		};
/* End PBXSourcesBuildPhase section */

/* Begin PBXTargetDependency section */
		A240C29129BC3E6700E5DDAC /* PBXTargetDependency */ = {
			isa = PBXTargetDependency;
			target = A240C27829BC3E6600E5DDAC /* TestingDashboard */;
			targetProxy = A240C29029BC3E6700E5DDAC /* PBXContainerItemProxy */;
		};
		A240C29B29BC3E6700E5DDAC /* PBXTargetDependency */ = {
			isa = PBXTargetDependency;
			target = A240C27829BC3E6600E5DDAC /* TestingDashboard */;
			targetProxy = A240C29A29BC3E6700E5DDAC /* PBXContainerItemProxy */;
		};
/* End PBXTargetDependency section */

/* Begin PBXVariantGroup section */
		A240C28729BC3E6700E5DDAC /* LaunchScreen.storyboard */ = {
			isa = PBXVariantGroup;
			children = (
				A240C28829BC3E6700E5DDAC /* Base */,
			);
			name = LaunchScreen.storyboard;
			sourceTree = "<group>";
		};
/* End PBXVariantGroup section */

/* Begin XCBuildConfiguration section */
		A240C2A129BC3E6700E5DDAC /* Debug */ = {
			isa = XCBuildConfiguration;
			buildSettings = {
				ALWAYS_SEARCH_USER_PATHS = NO;
				CLANG_ANALYZER_NONNULL = YES;
				CLANG_ANALYZER_NUMBER_OBJECT_CONVERSION = YES_AGGRESSIVE;
				CLANG_CXX_LANGUAGE_STANDARD = "gnu++20";
				CLANG_ENABLE_MODULES = YES;
				CLANG_ENABLE_OBJC_ARC = YES;
				CLANG_ENABLE_OBJC_WEAK = YES;
				CLANG_WARN_BLOCK_CAPTURE_AUTORELEASING = YES;
				CLANG_WARN_BOOL_CONVERSION = YES;
				CLANG_WARN_COMMA = YES;
				CLANG_WARN_CONSTANT_CONVERSION = YES;
				CLANG_WARN_DEPRECATED_OBJC_IMPLEMENTATIONS = YES;
				CLANG_WARN_DIRECT_OBJC_ISA_USAGE = YES_ERROR;
				CLANG_WARN_DOCUMENTATION_COMMENTS = YES;
				CLANG_WARN_EMPTY_BODY = YES;
				CLANG_WARN_ENUM_CONVERSION = YES;
				CLANG_WARN_INFINITE_RECURSION = YES;
				CLANG_WARN_INT_CONVERSION = YES;
				CLANG_WARN_NON_LITERAL_NULL_CONVERSION = YES;
				CLANG_WARN_OBJC_IMPLICIT_RETAIN_SELF = YES;
				CLANG_WARN_OBJC_LITERAL_CONVERSION = YES;
				CLANG_WARN_OBJC_ROOT_CLASS = YES_ERROR;
				CLANG_WARN_QUOTED_INCLUDE_IN_FRAMEWORK_HEADER = YES;
				CLANG_WARN_RANGE_LOOP_ANALYSIS = YES;
				CLANG_WARN_STRICT_PROTOTYPES = YES;
				CLANG_WARN_SUSPICIOUS_MOVE = YES;
				CLANG_WARN_UNGUARDED_AVAILABILITY = YES_AGGRESSIVE;
				CLANG_WARN_UNREACHABLE_CODE = YES;
				CLANG_WARN__DUPLICATE_METHOD_MATCH = YES;
				COPY_PHASE_STRIP = NO;
				DEBUG_INFORMATION_FORMAT = dwarf;
				ENABLE_STRICT_OBJC_MSGSEND = YES;
				ENABLE_TESTABILITY = YES;
				GCC_C_LANGUAGE_STANDARD = gnu11;
				GCC_DYNAMIC_NO_PIC = NO;
				GCC_NO_COMMON_BLOCKS = YES;
				GCC_OPTIMIZATION_LEVEL = 0;
				GCC_PREPROCESSOR_DEFINITIONS = (
					"DEBUG=1",
					"$(inherited)",
				);
				GCC_WARN_64_TO_32_BIT_CONVERSION = YES;
				GCC_WARN_ABOUT_RETURN_TYPE = YES_ERROR;
				GCC_WARN_UNDECLARED_SELECTOR = YES;
				GCC_WARN_UNINITIALIZED_AUTOS = YES_AGGRESSIVE;
				GCC_WARN_UNUSED_FUNCTION = YES;
				GCC_WARN_UNUSED_VARIABLE = YES;
				IPHONEOS_DEPLOYMENT_TARGET = 16.2;
				MTL_ENABLE_DEBUG_INFO = INCLUDE_SOURCE;
				MTL_FAST_MATH = YES;
				ONLY_ACTIVE_ARCH = YES;
				SDKROOT = iphoneos;
				SWIFT_ACTIVE_COMPILATION_CONDITIONS = DEBUG;
				SWIFT_OPTIMIZATION_LEVEL = "-Onone";
			};
			name = Debug;
		};
		A240C2A229BC3E6700E5DDAC /* Release */ = {
			isa = XCBuildConfiguration;
			buildSettings = {
				ALWAYS_SEARCH_USER_PATHS = NO;
				CLANG_ANALYZER_NONNULL = YES;
				CLANG_ANALYZER_NUMBER_OBJECT_CONVERSION = YES_AGGRESSIVE;
				CLANG_CXX_LANGUAGE_STANDARD = "gnu++20";
				CLANG_ENABLE_MODULES = YES;
				CLANG_ENABLE_OBJC_ARC = YES;
				CLANG_ENABLE_OBJC_WEAK = YES;
				CLANG_WARN_BLOCK_CAPTURE_AUTORELEASING = YES;
				CLANG_WARN_BOOL_CONVERSION = YES;
				CLANG_WARN_COMMA = YES;
				CLANG_WARN_CONSTANT_CONVERSION = YES;
				CLANG_WARN_DEPRECATED_OBJC_IMPLEMENTATIONS = YES;
				CLANG_WARN_DIRECT_OBJC_ISA_USAGE = YES_ERROR;
				CLANG_WARN_DOCUMENTATION_COMMENTS = YES;
				CLANG_WARN_EMPTY_BODY = YES;
				CLANG_WARN_ENUM_CONVERSION = YES;
				CLANG_WARN_INFINITE_RECURSION = YES;
				CLANG_WARN_INT_CONVERSION = YES;
				CLANG_WARN_NON_LITERAL_NULL_CONVERSION = YES;
				CLANG_WARN_OBJC_IMPLICIT_RETAIN_SELF = YES;
				CLANG_WARN_OBJC_LITERAL_CONVERSION = YES;
				CLANG_WARN_OBJC_ROOT_CLASS = YES_ERROR;
				CLANG_WARN_QUOTED_INCLUDE_IN_FRAMEWORK_HEADER = YES;
				CLANG_WARN_RANGE_LOOP_ANALYSIS = YES;
				CLANG_WARN_STRICT_PROTOTYPES = YES;
				CLANG_WARN_SUSPICIOUS_MOVE = YES;
				CLANG_WARN_UNGUARDED_AVAILABILITY = YES_AGGRESSIVE;
				CLANG_WARN_UNREACHABLE_CODE = YES;
				CLANG_WARN__DUPLICATE_METHOD_MATCH = YES;
				COPY_PHASE_STRIP = NO;
				DEBUG_INFORMATION_FORMAT = "dwarf-with-dsym";
				ENABLE_NS_ASSERTIONS = NO;
				ENABLE_STRICT_OBJC_MSGSEND = YES;
				GCC_C_LANGUAGE_STANDARD = gnu11;
				GCC_NO_COMMON_BLOCKS = YES;
				GCC_WARN_64_TO_32_BIT_CONVERSION = YES;
				GCC_WARN_ABOUT_RETURN_TYPE = YES_ERROR;
				GCC_WARN_UNDECLARED_SELECTOR = YES;
				GCC_WARN_UNINITIALIZED_AUTOS = YES_AGGRESSIVE;
				GCC_WARN_UNUSED_FUNCTION = YES;
				GCC_WARN_UNUSED_VARIABLE = YES;
				IPHONEOS_DEPLOYMENT_TARGET = 16.2;
				MTL_ENABLE_DEBUG_INFO = NO;
				MTL_FAST_MATH = YES;
				SDKROOT = iphoneos;
				SWIFT_COMPILATION_MODE = wholemodule;
				SWIFT_OPTIMIZATION_LEVEL = "-O";
				VALIDATE_PRODUCT = YES;
			};
			name = Release;
		};
		A240C2A429BC3E6700E5DDAC /* Debug */ = {
			isa = XCBuildConfiguration;
			buildSettings = {
				ASSETCATALOG_COMPILER_APPICON_NAME = AppIcon;
				ASSETCATALOG_COMPILER_GLOBAL_ACCENT_COLOR_NAME = AccentColor;
				CODE_SIGN_STYLE = Automatic;
				CURRENT_PROJECT_VERSION = 1;
				GENERATE_INFOPLIST_FILE = YES;
				INFOPLIST_FILE = TestingDashboard/Info.plist;
				INFOPLIST_KEY_UIApplicationSupportsIndirectInputEvents = YES;
				INFOPLIST_KEY_UILaunchStoryboardName = LaunchScreen;
				INFOPLIST_KEY_UISupportedInterfaceOrientations_iPad = "UIInterfaceOrientationPortrait UIInterfaceOrientationPortraitUpsideDown UIInterfaceOrientationLandscapeLeft UIInterfaceOrientationLandscapeRight";
				INFOPLIST_KEY_UISupportedInterfaceOrientations_iPhone = "UIInterfaceOrientationPortrait UIInterfaceOrientationLandscapeLeft UIInterfaceOrientationLandscapeRight";
				LD_RUNPATH_SEARCH_PATHS = (
					"$(inherited)",
					"@executable_path/Frameworks",
				);
				MARKETING_VERSION = 1.0;
				PRODUCT_BUNDLE_IDENTIFIER = "dimuth-c-bandara.TestingDashboard";
				PRODUCT_NAME = TestingDashboard;
				SWIFT_EMIT_LOC_STRINGS = YES;
				SWIFT_VERSION = 5.0;
				TARGETED_DEVICE_FAMILY = "1,2";
			};
			name = Debug;
		};
		A240C2A529BC3E6700E5DDAC /* Release */ = {
			isa = XCBuildConfiguration;
			buildSettings = {
				ASSETCATALOG_COMPILER_APPICON_NAME = AppIcon;
				ASSETCATALOG_COMPILER_GLOBAL_ACCENT_COLOR_NAME = AccentColor;
				CODE_SIGN_STYLE = Automatic;
				CURRENT_PROJECT_VERSION = 1;
				GENERATE_INFOPLIST_FILE = YES;
				INFOPLIST_FILE = TestingDashboard/Info.plist;
				INFOPLIST_KEY_UIApplicationSupportsIndirectInputEvents = YES;
				INFOPLIST_KEY_UILaunchStoryboardName = LaunchScreen;
				INFOPLIST_KEY_UISupportedInterfaceOrientations_iPad = "UIInterfaceOrientationPortrait UIInterfaceOrientationPortraitUpsideDown UIInterfaceOrientationLandscapeLeft UIInterfaceOrientationLandscapeRight";
				INFOPLIST_KEY_UISupportedInterfaceOrientations_iPhone = "UIInterfaceOrientationPortrait UIInterfaceOrientationLandscapeLeft UIInterfaceOrientationLandscapeRight";
				LD_RUNPATH_SEARCH_PATHS = (
					"$(inherited)",
					"@executable_path/Frameworks",
				);
				MARKETING_VERSION = 1.0;
				PRODUCT_BUNDLE_IDENTIFIER = "dimuth-c-bandara.TestingDashboard";
				PRODUCT_NAME = TestingDashboard;
				SWIFT_EMIT_LOC_STRINGS = YES;
				SWIFT_VERSION = 5.0;
				TARGETED_DEVICE_FAMILY = "1,2";
			};
			name = Release;
		};
		A240C2A729BC3E6700E5DDAC /* Debug */ = {
			isa = XCBuildConfiguration;
			buildSettings = {
				ALWAYS_EMBED_SWIFT_STANDARD_LIBRARIES = YES;
				BUNDLE_LOADER = "$(TEST_HOST)";
				CODE_SIGN_STYLE = Automatic;
				CURRENT_PROJECT_VERSION = 1;
				GENERATE_INFOPLIST_FILE = YES;
				IPHONEOS_DEPLOYMENT_TARGET = 16.2;
				MARKETING_VERSION = 1.0;
				PRODUCT_BUNDLE_IDENTIFIER = "dimuth-c-bandara.TestingDashboardTests";
				PRODUCT_NAME = "$(TARGET_NAME)";
				SWIFT_EMIT_LOC_STRINGS = NO;
				SWIFT_VERSION = 5.0;
				TARGETED_DEVICE_FAMILY = "1,2";
				TEST_HOST = "$(BUILT_PRODUCTS_DIR)/TestingDashboard.app/$(BUNDLE_EXECUTABLE_FOLDER_PATH)/TestingDashboard";
			};
			name = Debug;
		};
		A240C2A829BC3E6700E5DDAC /* Release */ = {
			isa = XCBuildConfiguration;
			buildSettings = {
				ALWAYS_EMBED_SWIFT_STANDARD_LIBRARIES = YES;
				BUNDLE_LOADER = "$(TEST_HOST)";
				CODE_SIGN_STYLE = Automatic;
				CURRENT_PROJECT_VERSION = 1;
				GENERATE_INFOPLIST_FILE = YES;
				IPHONEOS_DEPLOYMENT_TARGET = 16.2;
				MARKETING_VERSION = 1.0;
				PRODUCT_BUNDLE_IDENTIFIER = "dimuth-c-bandara.TestingDashboardTests";
				PRODUCT_NAME = "$(TARGET_NAME)";
				SWIFT_EMIT_LOC_STRINGS = NO;
				SWIFT_VERSION = 5.0;
				TARGETED_DEVICE_FAMILY = "1,2";
				TEST_HOST = "$(BUILT_PRODUCTS_DIR)/TestingDashboard.app/$(BUNDLE_EXECUTABLE_FOLDER_PATH)/TestingDashboard";
			};
			name = Release;
		};
		A240C2AA29BC3E6700E5DDAC /* Debug */ = {
			isa = XCBuildConfiguration;
			buildSettings = {
				ALWAYS_EMBED_SWIFT_STANDARD_LIBRARIES = YES;
				CODE_SIGN_STYLE = Automatic;
				CURRENT_PROJECT_VERSION = 1;
				GENERATE_INFOPLIST_FILE = YES;
				MARKETING_VERSION = 1.0;
				PRODUCT_BUNDLE_IDENTIFIER = "dimuth-c-bandara.TestingDashboardUITests";
				PRODUCT_NAME = "$(TARGET_NAME)";
				SWIFT_EMIT_LOC_STRINGS = NO;
				SWIFT_VERSION = 5.0;
				TARGETED_DEVICE_FAMILY = "1,2";
				TEST_TARGET_NAME = TestingDashboard;
			};
			name = Debug;
		};
		A240C2AB29BC3E6700E5DDAC /* Release */ = {
			isa = XCBuildConfiguration;
			buildSettings = {
				ALWAYS_EMBED_SWIFT_STANDARD_LIBRARIES = YES;
				CODE_SIGN_STYLE = Automatic;
				CURRENT_PROJECT_VERSION = 1;
				GENERATE_INFOPLIST_FILE = YES;
				MARKETING_VERSION = 1.0;
				PRODUCT_BUNDLE_IDENTIFIER = "dimuth-c-bandara.TestingDashboardUITests";
				PRODUCT_NAME = "$(TARGET_NAME)";
				SWIFT_EMIT_LOC_STRINGS = NO;
				SWIFT_VERSION = 5.0;
				TARGETED_DEVICE_FAMILY = "1,2";
				TEST_TARGET_NAME = TestingDashboard;
			};
			name = Release;
		};
/* End XCBuildConfiguration section */

/* Begin XCConfigurationList section */
		A240C27429BC3E6600E5DDAC /* Build configuration list for PBXProject "TestingDashboard" */ = {
			isa = XCConfigurationList;
			buildConfigurations = (
				A240C2A129BC3E6700E5DDAC /* Debug */,
				A240C2A229BC3E6700E5DDAC /* Release */,
			);
			defaultConfigurationIsVisible = 0;
			defaultConfigurationName = Release;
		};
		A240C2A329BC3E6700E5DDAC /* Build configuration list for PBXNativeTarget "TestingDashboard" */ = {
			isa = XCConfigurationList;
			buildConfigurations = (
				A240C2A429BC3E6700E5DDAC /* Debug */,
				A240C2A529BC3E6700E5DDAC /* Release */,
			);
			defaultConfigurationIsVisible = 0;
			defaultConfigurationName = Release;
		};
		A240C2A629BC3E6700E5DDAC /* Build configuration list for PBXNativeTarget "TestingDashboardTests" */ = {
			isa = XCConfigurationList;
			buildConfigurations = (
				A240C2A729BC3E6700E5DDAC /* Debug */,
				A240C2A829BC3E6700E5DDAC /* Release */,
			);
			defaultConfigurationIsVisible = 0;
			defaultConfigurationName = Release;
		};
		A240C2A929BC3E6700E5DDAC /* Build configuration list for PBXNativeTarget "TestingDashboardUITests" */ = {
			isa = XCConfigurationList;
			buildConfigurations = (
				A240C2AA29BC3E6700E5DDAC /* Debug */,
				A240C2AB29BC3E6700E5DDAC /* Release */,
			);
			defaultConfigurationIsVisible = 0;
			defaultConfigurationName = Release;
		};
/* End XCConfigurationList section */

/* Begin XCRemoteSwiftPackageReference section */
		A274D6D229C3407500ED848D /* XCRemoteSwiftPackageReference "SDWebImage" */ = {
			isa = XCRemoteSwiftPackageReference;
			repositoryURL = "https://github.com/SDWebImage/SDWebImage.git";
			requirement = {
				branch = master;
				kind = branch;
			};
		};
		A2E2889329BEC43D008921E4 /* XCRemoteSwiftPackageReference "supabase-swift" */ = {
			isa = XCRemoteSwiftPackageReference;
			repositoryURL = "https://github.com/supabase/supabase-swift.git";
			requirement = {
				kind = upToNextMajorVersion;
				minimumVersion = 0.2.0;
			};
		};
/* End XCRemoteSwiftPackageReference section */

/* Begin XCSwiftPackageProductDependency section */
		A2C1836E29C88C9900990A02 /* SDWebImage */ = {
			isa = XCSwiftPackageProductDependency;
			package = A274D6D229C3407500ED848D /* XCRemoteSwiftPackageReference "SDWebImage" */;
			productName = SDWebImage;
		};
		A2C1837029C88CD400990A02 /* SDWebImageMapKit */ = {
			isa = XCSwiftPackageProductDependency;
			package = A274D6D229C3407500ED848D /* XCRemoteSwiftPackageReference "SDWebImage" */;
			productName = SDWebImageMapKit;
		};
/* End XCSwiftPackageProductDependency section */
	};
	rootObject = A240C27129BC3E6600E5DDAC /* Project object */;
}
